
Microsoft Visual Studio Solution File, Format Version 12.00
# Visual Studio Version 17
VisualStudioVersion = 17.13.35919.96 d17.13
MinimumVisualStudioVersion = 10.0.40219.1
Project("{FAE04EC0-301F-11D3-BF4B-00C04F79EFBC}") = "GitDemo", "GitDemo\GitDemo.csproj", "{B9821369-AC75-401C-9A8D-73E324D2370C}"
EndProject
Global
	GlobalSection(SolutionConfigurationPlatforms) = preSolution
		Debug|Any CPU = Debug|Any CPU
		Release|Any CPU = Release|Any CPU
	EndGlobalSection
	GlobalSection(ProjectConfigurationPlatforms) = postSolution
		{B9821369-AC75-401C-9A8D-73E324D2370C}.Debug|Any CPU.ActiveCfg = Debug|Any CPU
		{B9821369-AC75-401C-9A8D-73E324D2370C}.Debug|Any CPU.Build.0 = Debug|Any CPU
		{B9821369-AC75-401C-9A8D-73E324D2370C}.Release|Any CPU.ActiveCfg = Release|Any CPU
		{B9821369-AC75-401C-9A8D-73E324D2370C}.Release|Any CPU.Build.0 = Release|Any CPU
	EndGlobalSection
	GlobalSection(SolutionProperties) = preSolution
		HideSolutionNode = FALSE
	EndGlobalSection
	GlobalSection(ExtensibilityGlobals) = postSolution
		SolutionGuid = {4BFD19C7-9980-4100-87DD-B3BD274E644F}
	EndGlobalSection
EndGlobal
